
Microsoft Visual Studio Solution File, Format Version 12.00
# Visual Studio 15
VisualStudioVersion = 15.0.28307.329
MinimumVisualStudioVersion = 10.0.40219.1
Project("{FAE04EC0-301F-11D3-BF4B-00C04F79EFBC}") = "Schule.v1.1", "Schule.v1.1\Schule.v1.1.csproj", "{EA978FD6-CF71-4A28-87EB-D7C2384626C4}"
EndProject
Global
	GlobalSection(SolutionConfigurationPlatforms) = preSolution
		Debug|Any CPU = Debug|Any CPU
		Release|Any CPU = Release|Any CPU
	EndGlobalSection
	GlobalSection(ProjectConfigurationPlatforms) = postSolution
		{EA978FD6-CF71-4A28-87EB-D7C2384626C4}.Debug|Any CPU.ActiveCfg = Debug|Any CPU
		{EA978FD6-CF71-4A28-87EB-D7C2384626C4}.Debug|Any CPU.Build.0 = Debug|Any CPU
		{EA978FD6-CF71-4A28-87EB-D7C2384626C4}.Release|Any CPU.ActiveCfg = Release|Any CPU
		{EA978FD6-CF71-4A28-87EB-D7C2384626C4}.Release|Any CPU.Build.0 = Release|Any CPU
	EndGlobalSection
	GlobalSection(SolutionProperties) = preSolution
		HideSolutionNode = FALSE
	EndGlobalSection
	GlobalSection(ExtensibilityGlobals) = postSolution
		SolutionGuid = {E4C9DD58-C1E1-4A27-B7C5-3DFFCFAE12CC}
	EndGlobalSection
EndGlobal
